{
  "name": "vue-rudderstack",
  "version": "1.0.0",
  "lockfileVersion": 2,
  "requires": true,
  "packages": {
    "": {
      "name": "vue-rudderstack",
      "version": "1.0.0",
      "license": "MIT",
      "dependencies": {
        "load-script": "^2.0.0",
        "typescript": "^5.0.3"
      }
    },
    "node_modules/load-script": {
      "version": "2.0.0",
      "resolved": "https://registry.npmjs.org/load-script/-/load-script-2.0.0.tgz",
      "integrity": "sha512-km6cyoPW4rM22JMGb+SHUKPMZVDpUaMpMAKrv8UHWllIxc/qjgMGHD91nY+5hM+/NFs310OZ2pqQeJKs7HqWPA=="
    },
    "node_modules/typescript": {
      "version": "5.0.3",
      "resolved": "https://registry.npmjs.org/typescript/-/typescript-5.0.3.tgz",
      "integrity": "sha512-xv8mOEDnigb/tN9PSMTwSEqAnUvkoXMQlicOb0IUVDBSQCgBSaAAROUZYy2IcUy5qU6XajK5jjjO7TMWqBTKZA==",
      "bin": {
        "tsc": "bin/tsc",
        "tsserver": "bin/tsserver"
      },
      "engines": {
        "node": ">=12.20"
      }
    }
  },
  "dependencies": {
    "load-script": {
      "version": "2.0.0",
      "resolved": "https://registry.npmjs.org/load-script/-/load-script-2.0.0.tgz",
      "integrity": "sha512-km6cyoPW4rM22JMGb+SHUKPMZVDpUaMpMAKrv8UHWllIxc/qjgMGHD91nY+5hM+/NFs310OZ2pqQeJKs7HqWPA=="
    },
    "typescript": {
      "version": "5.0.3",
      "resolved": "https://registry.npmjs.org/typescript/-/typescript-5.0.3.tgz",
      "integrity": "sha512-xv8mOEDnigb/tN9PSMTwSEqAnUvkoXMQlicOb0IUVDBSQCgBSaAAROUZYy2IcUy5qU6XajK5jjjO7TMWqBTKZA=="
    }
  }
}
